
Microsoft Visual Studio Solution File, Format Version 11.00
# Visual Studio 2010
Project("{FAE04EC0-301F-11D3-BF4B-00C04F79EFBC}") = "SAI-Editor", "SAI-Editor\SAI-Editor.csproj", "{3902406E-07F0-4517-A76C-891588410C6C}"
EndProject
Global
	GlobalSection(SolutionConfigurationPlatforms) = preSolution
		Debug|x86 = Debug|x86
		Release|x86 = Release|x86
	EndGlobalSection
	GlobalSection(ProjectConfigurationPlatforms) = postSolution
		{3902406E-07F0-4517-A76C-891588410C6C}.Debug|x86.ActiveCfg = Debug|x86
		{3902406E-07F0-4517-A76C-891588410C6C}.Debug|x86.Build.0 = Debug|x86
		{3902406E-07F0-4517-A76C-891588410C6C}.Release|x86.ActiveCfg = Release|x86
		{3902406E-07F0-4517-A76C-891588410C6C}.Release|x86.Build.0 = Release|x86
	EndGlobalSection
	GlobalSection(SolutionProperties) = preSolution
		HideSolutionNode = FALSE
	EndGlobalSection
EndGlobal
