
Microsoft Visual Studio Solution File, Format Version 12.00
# Visual Studio 2012
Project("{FAE04EC0-301F-11D3-BF4B-00C04F79EFBC}") = "SAI-Editor", "SAI-Editor\SAI-Editor.csproj", "{72FE2386-4AA2-4A41-AA7E-389C221B7F95}"
EndProject
Global
	GlobalSection(SolutionConfigurationPlatforms) = preSolution
		Debug|Any CPU = Debug|Any CPU
		Release|Any CPU = Release|Any CPU
	EndGlobalSection
	GlobalSection(ProjectConfigurationPlatforms) = postSolution
		{72FE2386-4AA2-4A41-AA7E-389C221B7F95}.Debug|Any CPU.ActiveCfg = Debug|Any CPU
		{72FE2386-4AA2-4A41-AA7E-389C221B7F95}.Debug|Any CPU.Build.0 = Debug|Any CPU
		{72FE2386-4AA2-4A41-AA7E-389C221B7F95}.Release|Any CPU.ActiveCfg = Release|Any CPU
		{72FE2386-4AA2-4A41-AA7E-389C221B7F95}.Release|Any CPU.Build.0 = Release|Any CPU
	EndGlobalSection
	GlobalSection(SolutionProperties) = preSolution
		HideSolutionNode = FALSE
	EndGlobalSection
EndGlobal
